{
  "name": "nothing_html_port",
  "lockfileVersion": 2,
  "requires": true,
  "packages": {
    "": {
      "dependencies": {
        "ps-list": "^8.1.1"
      }
    },
    "node_modules/ps-list": {
      "version": "8.1.1",
      "resolved": "https://registry.npmjs.org/ps-list/-/ps-list-8.1.1.tgz",
      "integrity": "sha512-OPS9kEJYVmiO48u/B9qneqhkMvgCxT+Tm28VCEJpheTpl8cJ0ffZRRNgS5mrQRTrX5yRTpaJ+hRDeefXYmmorQ==",
      "engines": {
        "node": "^12.20.0 || ^14.13.1 || >=16.0.0"
      },
      "funding": {
        "url": "https://github.com/sponsors/sindresorhus"
      }
    }
  },
  "dependencies": {
    "ps-list": {
      "version": "8.1.1",
      "resolved": "https://registry.npmjs.org/ps-list/-/ps-list-8.1.1.tgz",
      "integrity": "sha512-OPS9kEJYVmiO48u/B9qneqhkMvgCxT+Tm28VCEJpheTpl8cJ0ffZRRNgS5mrQRTrX5yRTpaJ+hRDeefXYmmorQ=="
    }
  }
}
